// !$*UTF8*$!
{
	archiveVersion = 1;
	classes = {
	};
	objectVersion = 45;
	objects = {

/* Begin PBXBuildFile section */
		07318C2710D1EB2200A1E046 /* Number.png in Resources */ = {isa = PBXBuildFile; fileRef = 07318C2610D1EB2200A1E046 /* Number.png */; };
		07352EAF10D23031003E3A53 /* LotteryNumStatisticController.m in Sources */ = {isa = PBXBuildFile; fileRef = 07352EAD10D23031003E3A53 /* LotteryNumStatisticController.m */; };
		07B958EC10CB51CD00B59A37 /* SearchSettingViewController.m in Sources */ = {isa = PBXBuildFile; fileRef = 07B958EB10CB51CD00B59A37 /* SearchSettingViewController.m */; };
		07BA7E2510CA413300518EE7 /* lottery.db in Resources */ = {isa = PBXBuildFile; fileRef = 07BA7E2410CA413300518EE7 /* lottery.db */; };
		07C9508410C5FCC900FC82E8 /* LOLotteryHistoryController.m in Sources */ = {isa = PBXBuildFile; fileRef = 07C9508310C5FCC900FC82E8 /* LOLotteryHistoryController.m */; };
		07C9508E10C601F700FC82E8 /* History.png in Resources */ = {isa = PBXBuildFile; fileRef = 07C9508D10C601F700FC82E8 /* History.png */; };
		07C950EB10C60D6600FC82E8 /* LOLotteryHistoryController.xib in Resources */ = {isa = PBXBuildFile; fileRef = 07C950EA10C60D6600FC82E8 /* LOLotteryHistoryController.xib */; };
		07C9510510C6133000FC82E8 /* libsqlite3.dylib in Frameworks */ = {isa = PBXBuildFile; fileRef = 07C9510410C6133000FC82E8 /* libsqlite3.dylib */; };
		07C9510B10C6140D00FC82E8 /* Lottery.m in Sources */ = {isa = PBXBuildFile; fileRef = 07C9510A10C6140D00FC82E8 /* Lottery.m */; };
		1D3623260D0F684500981E51 /* LotteryAppDelegate.m in Sources */ = {isa = PBXBuildFile; fileRef = 1D3623250D0F684500981E51 /* LotteryAppDelegate.m */; };
		1D60589B0D05DD56006BFB54 /* main.m in Sources */ = {isa = PBXBuildFile; fileRef = 29B97316FDCFA39411CA2CEA /* main.m */; };
		1D60589F0D05DD5A006BFB54 /* Foundation.framework in Frameworks */ = {isa = PBXBuildFile; fileRef = 1D30AB110D05D00D00671497 /* Foundation.framework */; };
		1DF5F4E00D08C38300B7A737 /* UIKit.framework in Frameworks */ = {isa = PBXBuildFile; fileRef = 1DF5F4DF0D08C38300B7A737 /* UIKit.framework */; };
		288765FD0DF74451002DB57D /* CoreGraphics.framework in Frameworks */ = {isa = PBXBuildFile; fileRef = 288765FC0DF74451002DB57D /* CoreGraphics.framework */; };
		28AD733F0D9D9553002E5188 /* MainWindow.xib in Resources */ = {isa = PBXBuildFile; fileRef = 28AD733E0D9D9553002E5188 /* MainWindow.xib */; };
/* End PBXBuildFile section */

/* Begin PBXFileReference section */
		07318C2610D1EB2200A1E046 /* Number.png */ = {isa = PBXFileReference; lastKnownFileType = image.png; path = Number.png; sourceTree = "<group>"; };
		07352EAC10D23031003E3A53 /* LotteryNumStatisticController.h */ = {isa = PBXFileReference; fileEncoding = 4; lastKnownFileType = sourcecode.c.h; path = LotteryNumStatisticController.h; sourceTree = "<group>"; };
		07352EAD10D23031003E3A53 /* LotteryNumStatisticController.m */ = {isa = PBXFileReference; fileEncoding = 4; lastKnownFileType = sourcecode.c.objc; path = LotteryNumStatisticController.m; sourceTree = "<group>"; };
		07AE2FDE10CBE4FB00FD8506 /* LotteryConfig.h */ = {isa = PBXFileReference; fileEncoding = 4; lastKnownFileType = sourcecode.c.h; path = LotteryConfig.h; sourceTree = "<group>"; };
		07B958EA10CB51CD00B59A37 /* SearchSettingViewController.h */ = {isa = PBXFileReference; fileEncoding = 4; lastKnownFileType = sourcecode.c.h; path = SearchSettingViewController.h; sourceTree = "<group>"; };
		07B958EB10CB51CD00B59A37 /* SearchSettingViewController.m */ = {isa = PBXFileReference; fileEncoding = 4; lastKnownFileType = sourcecode.c.objc; path = SearchSettingViewController.m; sourceTree = "<group>"; };
		07BA7E2410CA413300518EE7 /* lottery.db */ = {isa = PBXFileReference; lastKnownFileType = file; path = lottery.db; sourceTree = "<group>"; };
		07C9508210C5FCC900FC82E8 /* LOLotteryHistoryController.h */ = {isa = PBXFileReference; fileEncoding = 4; lastKnownFileType = sourcecode.c.h; path = LOLotteryHistoryController.h; sourceTree = "<group>"; };
		07C9508310C5FCC900FC82E8 /* LOLotteryHistoryController.m */ = {isa = PBXFileReference; fileEncoding = 4; lastKnownFileType = sourcecode.c.objc; path = LOLotteryHistoryController.m; sourceTree = "<group>"; };
		07C9508D10C601F700FC82E8 /* History.png */ = {isa = PBXFileReference; lastKnownFileType = image.png; path = History.png; sourceTree = "<group>"; };
		07C950EA10C60D6600FC82E8 /* LOLotteryHistoryController.xib */ = {isa = PBXFileReference; lastKnownFileType = file.xib; path = LOLotteryHistoryController.xib; sourceTree = "<group>"; };
		07C9510410C6133000FC82E8 /* libsqlite3.dylib */ = {isa = PBXFileReference; lastKnownFileType = "compiled.mach-o.dylib"; name = libsqlite3.dylib; path = usr/lib/libsqlite3.dylib; sourceTree = SDKROOT; };
		07C9510910C6140D00FC82E8 /* Lottery.h */ = {isa = PBXFileReference; fileEncoding = 4; lastKnownFileType = sourcecode.c.h; path = Lottery.h; sourceTree = "<group>"; };
		07C9510A10C6140D00FC82E8 /* Lottery.m */ = {isa = PBXFileReference; fileEncoding = 4; lastKnownFileType = sourcecode.c.objc; path = Lottery.m; sourceTree = "<group>"; };
		1D30AB110D05D00D00671497 /* Foundation.framework */ = {isa = PBXFileReference; lastKnownFileType = wrapper.framework; name = Foundation.framework; path = System/Library/Frameworks/Foundation.framework; sourceTree = SDKROOT; };
		1D3623240D0F684500981E51 /* LotteryAppDelegate.h */ = {isa = PBXFileReference; fileEncoding = 4; lastKnownFileType = sourcecode.c.h; path = LotteryAppDelegate.h; sourceTree = "<group>"; };
		1D3623250D0F684500981E51 /* LotteryAppDelegate.m */ = {isa = PBXFileReference; fileEncoding = 4; lastKnownFileType = sourcecode.c.objc; path = LotteryAppDelegate.m; sourceTree = "<group>"; };
		1D6058910D05DD3D006BFB54 /* Lottery.app */ = {isa = PBXFileReference; explicitFileType = wrapper.application; includeInIndex = 0; path = Lottery.app; sourceTree = BUILT_PRODUCTS_DIR; };
		1DF5F4DF0D08C38300B7A737 /* UIKit.framework */ = {isa = PBXFileReference; lastKnownFileType = wrapper.framework; name = UIKit.framework; path = System/Library/Frameworks/UIKit.framework; sourceTree = SDKROOT; };
		288765FC0DF74451002DB57D /* CoreGraphics.framework */ = {isa = PBXFileReference; lastKnownFileType = wrapper.framework; name = CoreGraphics.framework; path = System/Library/Frameworks/CoreGraphics.framework; sourceTree = SDKROOT; };
		28AD733E0D9D9553002E5188 /* MainWindow.xib */ = {isa = PBXFileReference; lastKnownFileType = file.xib; path = MainWindow.xib; sourceTree = "<group>"; };
		29B97316FDCFA39411CA2CEA /* main.m */ = {isa = PBXFileReference; fileEncoding = 4; lastKnownFileType = sourcecode.c.objc; path = main.m; sourceTree = "<group>"; };
		32CA4F630368D1EE00C91783 /* Lottery_Prefix.pch */ = {isa = PBXFileReference; fileEncoding = 4; lastKnownFileType = sourcecode.c.h; path = Lottery_Prefix.pch; sourceTree = "<group>"; };
		8D1107310486CEB800E47090 /* Lottery-Info.plist */ = {isa = PBXFileReference; fileEncoding = 4; lastKnownFileType = text.plist.xml; path = "Lottery-Info.plist"; plistStructureDefinitionIdentifier = "com.apple.xcode.plist.structure-definition.iphone.info-plist"; sourceTree = "<group>"; };
/* End PBXFileReference section */

/* Begin PBXFrameworksBuildPhase section */
		1D60588F0D05DD3D006BFB54 /* Frameworks */ = {
			isa = PBXFrameworksBuildPhase;
			buildActionMask = 2147483647;
			files = (
				1D60589F0D05DD5A006BFB54 /* Foundation.framework in Frameworks */,
				1DF5F4E00D08C38300B7A737 /* UIKit.framework in Frameworks */,
				288765FD0DF74451002DB57D /* CoreGraphics.framework in Frameworks */,
				07C9510510C6133000FC82E8 /* libsqlite3.dylib in Frameworks */,
			);
			runOnlyForDeploymentPostprocessing = 0;
		};
/* End PBXFrameworksBuildPhase section */

/* Begin PBXGroup section */
		07C9508710C601D900FC82E8 /* Images */ = {
			isa = PBXGroup;
			children = (
				07318C2610D1EB2200A1E046 /* Number.png */,
				07C9508D10C601F700FC82E8 /* History.png */,
			);
			name = Images;
			sourceTree = "<group>";
		};
		080E96DDFE201D6D7F000001 /* Classes */ = {
			isa = PBXGroup;
			children = (
				1D3623240D0F684500981E51 /* LotteryAppDelegate.h */,
				1D3623250D0F684500981E51 /* LotteryAppDelegate.m */,
				07C9508210C5FCC900FC82E8 /* LOLotteryHistoryController.h */,
				07C9508310C5FCC900FC82E8 /* LOLotteryHistoryController.m */,
				07C9510910C6140D00FC82E8 /* Lottery.h */,
				07C9510A10C6140D00FC82E8 /* Lottery.m */,
				07B958EA10CB51CD00B59A37 /* SearchSettingViewController.h */,
				07B958EB10CB51CD00B59A37 /* SearchSettingViewController.m */,
				07AE2FDE10CBE4FB00FD8506 /* LotteryConfig.h */,
				07352EAC10D23031003E3A53 /* LotteryNumStatisticController.h */,
				07352EAD10D23031003E3A53 /* LotteryNumStatisticController.m */,
			);
			path = Classes;
			sourceTree = "<group>";
		};
		19C28FACFE9D520D11CA2CBB /* Products */ = {
			isa = PBXGroup;
			children = (
				1D6058910D05DD3D006BFB54 /* Lottery.app */,
			);
			name = Products;
			sourceTree = "<group>";
		};
		29B97314FDCFA39411CA2CEA /* CustomTemplate */ = {
			isa = PBXGroup;
			children = (
				07BA7E2410CA413300518EE7 /* lottery.db */,
				07C9508710C601D900FC82E8 /* Images */,
				080E96DDFE201D6D7F000001 /* Classes */,
				29B97315FDCFA39411CA2CEA /* Other Sources */,
				29B97317FDCFA39411CA2CEA /* Resources */,
				29B97323FDCFA39411CA2CEA /* Frameworks */,
				19C28FACFE9D520D11CA2CBB /* Products */,
			);
			name = CustomTemplate;
			sourceTree = "<group>";
		};
		29B97315FDCFA39411CA2CEA /* Other Sources */ = {
			isa = PBXGroup;
			children = (
				32CA4F630368D1EE00C91783 /* Lottery_Prefix.pch */,
				29B97316FDCFA39411CA2CEA /* main.m */,
			);
			name = "Other Sources";
			sourceTree = "<group>";
		};
		29B97317FDCFA39411CA2CEA /* Resources */ = {
			isa = PBXGroup;
			children = (
				28AD733E0D9D9553002E5188 /* MainWindow.xib */,
				8D1107310486CEB800E47090 /* Lottery-Info.plist */,
				07C950EA10C60D6600FC82E8 /* LOLotteryHistoryController.xib */,
			);
			name = Resources;
			sourceTree = "<group>";
		};
		29B97323FDCFA39411CA2CEA /* Frameworks */ = {
			isa = PBXGroup;
			children = (
				07C9510410C6133000FC82E8 /* libsqlite3.dylib */,
				1DF5F4DF0D08C38300B7A737 /* UIKit.framework */,
				1D30AB110D05D00D00671497 /* Foundation.framework */,
				288765FC0DF74451002DB57D /* CoreGraphics.framework */,
			);
			name = Frameworks;
			sourceTree = "<group>";
		};
/* End PBXGroup section */

/* Begin PBXNativeTarget section */
		1D6058900D05DD3D006BFB54 /* Lottery */ = {
			isa = PBXNativeTarget;
			buildConfigurationList = 1D6058960D05DD3E006BFB54 /* Build configuration list for PBXNativeTarget "Lottery" */;
			buildPhases = (
				1D60588D0D05DD3D006BFB54 /* Resources */,
				1D60588E0D05DD3D006BFB54 /* Sources */,
				1D60588F0D05DD3D006BFB54 /* Frameworks */,
			);
			buildRules = (
			);
			dependencies = (
			);
			name = Lottery;
			productName = Lottery;
			productReference = 1D6058910D05DD3D006BFB54 /* Lottery.app */;
			productType = "com.apple.product-type.application";
		};
/* End PBXNativeTarget section */

/* Begin PBXProject section */
		29B97313FDCFA39411CA2CEA /* Project object */ = {
			isa = PBXProject;
			buildConfigurationList = C01FCF4E08A954540054247B /* Build configuration list for PBXProject "Lottery" */;
			compatibilityVersion = "Xcode 3.1";
			hasScannedForEncodings = 1;
			mainGroup = 29B97314FDCFA39411CA2CEA /* CustomTemplate */;
			projectDirPath = "";
			projectRoot = "";
			targets = (
				1D6058900D05DD3D006BFB54 /* Lottery */,
			);
		};
/* End PBXProject section */

/* Begin PBXResourcesBuildPhase section */
		1D60588D0D05DD3D006BFB54 /* Resources */ = {
			isa = PBXResourcesBuildPhase;
			buildActionMask = 2147483647;
			files = (
				28AD733F0D9D9553002E5188 /* MainWindow.xib in Resources */,
				07C9508E10C601F700FC82E8 /* History.png in Resources */,
				07C950EB10C60D6600FC82E8 /* LOLotteryHistoryController.xib in Resources */,
				07BA7E2510CA413300518EE7 /* lottery.db in Resources */,
				07318C2710D1EB2200A1E046 /* Number.png in Resources */,
			);
			runOnlyForDeploymentPostprocessing = 0;
		};
/* End PBXResourcesBuildPhase section */

/* Begin PBXSourcesBuildPhase section */
		1D60588E0D05DD3D006BFB54 /* Sources */ = {
			isa = PBXSourcesBuildPhase;
			buildActionMask = 2147483647;
			files = (
				1D60589B0D05DD56006BFB54 /* main.m in Sources */,
				1D3623260D0F684500981E51 /* LotteryAppDelegate.m in Sources */,
				07C9508410C5FCC900FC82E8 /* LOLotteryHistoryController.m in Sources */,
				07C9510B10C6140D00FC82E8 /* Lottery.m in Sources */,
				07B958EC10CB51CD00B59A37 /* SearchSettingViewController.m in Sources */,
				07352EAF10D23031003E3A53 /* LotteryNumStatisticController.m in Sources */,
			);
			runOnlyForDeploymentPostprocessing = 0;
		};
/* End PBXSourcesBuildPhase section */

/* Begin XCBuildConfiguration section */
		1D6058940D05DD3E006BFB54 /* Debug */ = {
			isa = XCBuildConfiguration;
			buildSettings = {
				ALWAYS_SEARCH_USER_PATHS = NO;
				COPY_PHASE_STRIP = NO;
				GCC_DYNAMIC_NO_PIC = NO;
				GCC_OPTIMIZATION_LEVEL = 0;
				GCC_PRECOMPILE_PREFIX_HEADER = YES;
				GCC_PREFIX_HEADER = Lottery_Prefix.pch;
				INFOPLIST_FILE = "Lottery-Info.plist";
				PRODUCT_NAME = Lottery;
			};
			name = Debug;
		};
		1D6058950D05DD3E006BFB54 /* Release */ = {
			isa = XCBuildConfiguration;
			buildSettings = {
				ALWAYS_SEARCH_USER_PATHS = NO;
				COPY_PHASE_STRIP = YES;
				GCC_PRECOMPILE_PREFIX_HEADER = YES;
				GCC_PREFIX_HEADER = Lottery_Prefix.pch;
				INFOPLIST_FILE = "Lottery-Info.plist";
				PRODUCT_NAME = Lottery;
			};
			name = Release;
		};
		C01FCF4F08A954540054247B /* Debug */ = {
			isa = XCBuildConfiguration;
			buildSettings = {
				ARCHS = "$(ARCHS_STANDARD_32_BIT)";
				"CODE_SIGN_IDENTITY[sdk=iphoneos*]" = "iPhone Developer";
				GCC_C_LANGUAGE_STANDARD = c99;
				GCC_WARN_ABOUT_RETURN_TYPE = YES;
				GCC_WARN_UNUSED_VARIABLE = YES;
				PREBINDING = NO;
				SDKROOT = iphoneos3.1.2;
			};
			name = Debug;
		};
		C01FCF5008A954540054247B /* Release */ = {
			isa = XCBuildConfiguration;
			buildSettings = {
				ARCHS = "$(ARCHS_STANDARD_32_BIT)";
				"CODE_SIGN_IDENTITY[sdk=iphoneos*]" = "iPhone Developer";
				GCC_C_LANGUAGE_STANDARD = c99;
				GCC_WARN_ABOUT_RETURN_TYPE = YES;
				GCC_WARN_UNUSED_VARIABLE = YES;
				PREBINDING = NO;
				SDKROOT = iphoneos3.1.2;
			};
			name = Release;
		};
/* End XCBuildConfiguration section */

/* Begin XCConfigurationList section */
		1D6058960D05DD3E006BFB54 /* Build configuration list for PBXNativeTarget "Lottery" */ = {
			isa = XCConfigurationList;
			buildConfigurations = (
				1D6058940D05DD3E006BFB54 /* Debug */,
				1D6058950D05DD3E006BFB54 /* Release */,
			);
			defaultConfigurationIsVisible = 0;
			defaultConfigurationName = Release;
		};
		C01FCF4E08A954540054247B /* Build configuration list for PBXProject "Lottery" */ = {
			isa = XCConfigurationList;
			buildConfigurations = (
				C01FCF4F08A954540054247B /* Debug */,
				C01FCF5008A954540054247B /* Release */,
			);
			defaultConfigurationIsVisible = 0;
			defaultConfigurationName = Release;
		};
/* End XCConfigurationList section */
	};
	rootObject = 29B97313FDCFA39411CA2CEA /* Project object */;
}
